
Microsoft Visual Studio Solution File, Format Version 12.00
Project("{FAE04EC0-301F-11D3-BF4B-00C04F79EFBC}") = "SChainIntro-MVC", "SChainIntro-MVC\SChainIntro-MVC.csproj", "{0F65374D-9E4D-4515-9122-65DA07C40D95}"
EndProject
Global
	GlobalSection(SolutionConfigurationPlatforms) = preSolution
		Debug|Any CPU = Debug|Any CPU
		Release|Any CPU = Release|Any CPU
	EndGlobalSection
	GlobalSection(ProjectConfigurationPlatforms) = postSolution
		{0F65374D-9E4D-4515-9122-65DA07C40D95}.Debug|Any CPU.ActiveCfg = Debug|Any CPU
		{0F65374D-9E4D-4515-9122-65DA07C40D95}.Debug|Any CPU.Build.0 = Debug|Any CPU
		{0F65374D-9E4D-4515-9122-65DA07C40D95}.Release|Any CPU.ActiveCfg = Release|Any CPU
		{0F65374D-9E4D-4515-9122-65DA07C40D95}.Release|Any CPU.Build.0 = Release|Any CPU
	EndGlobalSection
EndGlobal
